
Microsoft Visual Studio Solution File, Format Version 12.00
# Visual Studio Version 17
VisualStudioVersion = 17.6.33829.357
MinimumVisualStudioVersion = 10.0.40219.1
Project("{FAE04EC0-301F-11D3-BF4B-00C04F79EFBC}") = "ArtemisaApp.UWP", "ArtemisaApp.UWP\ArtemisaApp.UWP.csproj", "{674C138C-2D62-43D0-A092-F0EA4D7DB878}"
EndProject
Project("{FAE04EC0-301F-11D3-BF4B-00C04F79EFBC}") = "ArtemisaApp.Android", "ArtemisaApp.Android\ArtemisaApp.Android.csproj", "{C69C60AA-C523-4866-B364-046E0DCA42F2}"
EndProject
Project("{FAE04EC0-301F-11D3-BF4B-00C04F79EFBC}") = "ArtemisaApp.iOS", "ArtemisaApp.iOS\ArtemisaApp.iOS.csproj", "{05E35B1F-B86A-4062-9305-08E51AF66C0A}"
EndProject
Project("{FAE04EC0-301F-11D3-BF4B-00C04F79EFBC}") = "ArtemisaApp", "ArtemisaApp\ArtemisaApp.csproj", "{7CABE636-9895-4992-B9D9-9C8B9973109D}"
EndProject
Global
	GlobalSection(SolutionConfigurationPlatforms) = preSolution
		Debug|Any CPU = Debug|Any CPU
		Debug|ARM = Debug|ARM
		Debug|iPhone = Debug|iPhone
		Debug|iPhoneSimulator = Debug|iPhoneSimulator
		Debug|x64 = Debug|x64
		Debug|x86 = Debug|x86
		Release|Any CPU = Release|Any CPU
		Release|ARM = Release|ARM
		Release|iPhone = Release|iPhone
		Release|iPhoneSimulator = Release|iPhoneSimulator
		Release|x64 = Release|x64
		Release|x86 = Release|x86
	EndGlobalSection
	GlobalSection(ProjectConfigurationPlatforms) = postSolution
		{674C138C-2D62-43D0-A092-F0EA4D7DB878}.Debug|Any CPU.ActiveCfg = Debug|x64
		{674C138C-2D62-43D0-A092-F0EA4D7DB878}.Debug|Any CPU.Build.0 = Debug|x64
		{674C138C-2D62-43D0-A092-F0EA4D7DB878}.Debug|Any CPU.Deploy.0 = Debug|x64
		{674C138C-2D62-43D0-A092-F0EA4D7DB878}.Debug|ARM.ActiveCfg = Debug|ARM
		{674C138C-2D62-43D0-A092-F0EA4D7DB878}.Debug|ARM.Build.0 = Debug|ARM
		{674C138C-2D62-43D0-A092-F0EA4D7DB878}.Debug|ARM.Deploy.0 = Debug|ARM
		{674C138C-2D62-43D0-A092-F0EA4D7DB878}.Debug|iPhone.ActiveCfg = Debug|x64
		{674C138C-2D62-43D0-A092-F0EA4D7DB878}.Debug|iPhone.Build.0 = Debug|x64
		{674C138C-2D62-43D0-A092-F0EA4D7DB878}.Debug|iPhone.Deploy.0 = Debug|x64
		{674C138C-2D62-43D0-A092-F0EA4D7DB878}.Debug|iPhoneSimulator.ActiveCfg = Debug|x64
		{674C138C-2D62-43D0-A092-F0EA4D7DB878}.Debug|iPhoneSimulator.Build.0 = Debug|x64
		{674C138C-2D62-43D0-A092-F0EA4D7DB878}.Debug|iPhoneSimulator.Deploy.0 = Debug|x64
		{674C138C-2D62-43D0-A092-F0EA4D7DB878}.Debug|x64.ActiveCfg = Debug|x64
		{674C138C-2D62-43D0-A092-F0EA4D7DB878}.Debug|x64.Build.0 = Debug|x64
		{674C138C-2D62-43D0-A092-F0EA4D7DB878}.Debug|x64.Deploy.0 = Debug|x64
		{674C138C-2D62-43D0-A092-F0EA4D7DB878}.Debug|x86.ActiveCfg = Debug|x86
		{674C138C-2D62-43D0-A092-F0EA4D7DB878}.Debug|x86.Build.0 = Debug|x86
		{674C138C-2D62-43D0-A092-F0EA4D7DB878}.Debug|x86.Deploy.0 = Debug|x86
		{674C138C-2D62-43D0-A092-F0EA4D7DB878}.Release|Any CPU.ActiveCfg = Release|x64
		{674C138C-2D62-43D0-A092-F0EA4D7DB878}.Release|Any CPU.Build.0 = Release|x64
		{674C138C-2D62-43D0-A092-F0EA4D7DB878}.Release|Any CPU.Deploy.0 = Release|x64
		{674C138C-2D62-43D0-A092-F0EA4D7DB878}.Release|ARM.ActiveCfg = Release|ARM
		{674C138C-2D62-43D0-A092-F0EA4D7DB878}.Release|ARM.Build.0 = Release|ARM
		{674C138C-2D62-43D0-A092-F0EA4D7DB878}.Release|ARM.Deploy.0 = Release|ARM
		{674C138C-2D62-43D0-A092-F0EA4D7DB878}.Release|iPhone.ActiveCfg = Release|x64
		{674C138C-2D62-43D0-A092-F0EA4D7DB878}.Release|iPhone.Build.0 = Release|x64
		{674C138C-2D62-43D0-A092-F0EA4D7DB878}.Release|iPhone.Deploy.0 = Release|x64
		{674C138C-2D62-43D0-A092-F0EA4D7DB878}.Release|iPhoneSimulator.ActiveCfg = Release|x64
		{674C138C-2D62-43D0-A092-F0EA4D7DB878}.Release|iPhoneSimulator.Build.0 = Release|x64
		{674C138C-2D62-43D0-A092-F0EA4D7DB878}.Release|iPhoneSimulator.Deploy.0 = Release|x64
		{674C138C-2D62-43D0-A092-F0EA4D7DB878}.Release|x64.ActiveCfg = Release|x64
		{674C138C-2D62-43D0-A092-F0EA4D7DB878}.Release|x64.Build.0 = Release|x64
		{674C138C-2D62-43D0-A092-F0EA4D7DB878}.Release|x64.Deploy.0 = Release|x64
		{674C138C-2D62-43D0-A092-F0EA4D7DB878}.Release|x86.ActiveCfg = Release|x86
		{674C138C-2D62-43D0-A092-F0EA4D7DB878}.Release|x86.Build.0 = Release|x86
		{674C138C-2D62-43D0-A092-F0EA4D7DB878}.Release|x86.Deploy.0 = Release|x86
		{C69C60AA-C523-4866-B364-046E0DCA42F2}.Debug|Any CPU.ActiveCfg = Debug|Any CPU
		{C69C60AA-C523-4866-B364-046E0DCA42F2}.Debug|Any CPU.Build.0 = Debug|Any CPU
		{C69C60AA-C523-4866-B364-046E0DCA42F2}.Debug|Any CPU.Deploy.0 = Debug|Any CPU
		{C69C60AA-C523-4866-B364-046E0DCA42F2}.Debug|ARM.ActiveCfg = Debug|Any CPU
		{C69C60AA-C523-4866-B364-046E0DCA42F2}.Debug|ARM.Build.0 = Debug|Any CPU
		{C69C60AA-C523-4866-B364-046E0DCA42F2}.Debug|ARM.Deploy.0 = Debug|Any CPU
		{C69C60AA-C523-4866-B364-046E0DCA42F2}.Debug|iPhone.ActiveCfg = Debug|Any CPU
		{C69C60AA-C523-4866-B364-046E0DCA42F2}.Debug|iPhone.Build.0 = Debug|Any CPU
		{C69C60AA-C523-4866-B364-046E0DCA42F2}.Debug|iPhone.Deploy.0 = Debug|Any CPU
		{C69C60AA-C523-4866-B364-046E0DCA42F2}.Debug|iPhoneSimulator.ActiveCfg = Debug|Any CPU
		{C69C60AA-C523-4866-B364-046E0DCA42F2}.Debug|iPhoneSimulator.Build.0 = Debug|Any CPU
		{C69C60AA-C523-4866-B364-046E0DCA42F2}.Debug|iPhoneSimulator.Deploy.0 = Debug|Any CPU
		{C69C60AA-C523-4866-B364-046E0DCA42F2}.Debug|x64.ActiveCfg = Debug|Any CPU
		{C69C60AA-C523-4866-B364-046E0DCA42F2}.Debug|x64.Build.0 = Debug|Any CPU
		{C69C60AA-C523-4866-B364-046E0DCA42F2}.Debug|x64.Deploy.0 = Debug|Any CPU
		{C69C60AA-C523-4866-B364-046E0DCA42F2}.Debug|x86.ActiveCfg = Debug|Any CPU
		{C69C60AA-C523-4866-B364-046E0DCA42F2}.Debug|x86.Build.0 = Debug|Any CPU
		{C69C60AA-C523-4866-B364-046E0DCA42F2}.Debug|x86.Deploy.0 = Debug|Any CPU
		{C69C60AA-C523-4866-B364-046E0DCA42F2}.Release|Any CPU.ActiveCfg = Release|Any CPU
		{C69C60AA-C523-4866-B364-046E0DCA42F2}.Release|Any CPU.Build.0 = Release|Any CPU
		{C69C60AA-C523-4866-B364-046E0DCA42F2}.Release|Any CPU.Deploy.0 = Release|Any CPU
		{C69C60AA-C523-4866-B364-046E0DCA42F2}.Release|ARM.ActiveCfg = Release|Any CPU
		{C69C60AA-C523-4866-B364-046E0DCA42F2}.Release|ARM.Build.0 = Release|Any CPU
		{C69C60AA-C523-4866-B364-046E0DCA42F2}.Release|ARM.Deploy.0 = Release|Any CPU
		{C69C60AA-C523-4866-B364-046E0DCA42F2}.Release|iPhone.ActiveCfg = Release|Any CPU
		{C69C60AA-C523-4866-B364-046E0DCA42F2}.Release|iPhone.Build.0 = Release|Any CPU
		{C69C60AA-C523-4866-B364-046E0DCA42F2}.Release|iPhone.Deploy.0 = Release|Any CPU
		{C69C60AA-C523-4866-B364-046E0DCA42F2}.Release|iPhoneSimulator.ActiveCfg = Release|Any CPU
		{C69C60AA-C523-4866-B364-046E0DCA42F2}.Release|iPhoneSimulator.Build.0 = Release|Any CPU
		{C69C60AA-C523-4866-B364-046E0DCA42F2}.Release|iPhoneSimulator.Deploy.0 = Release|Any CPU
		{C69C60AA-C523-4866-B364-046E0DCA42F2}.Release|x64.ActiveCfg = Release|Any CPU
		{C69C60AA-C523-4866-B364-046E0DCA42F2}.Release|x64.Build.0 = Release|Any CPU
		{C69C60AA-C523-4866-B364-046E0DCA42F2}.Release|x64.Deploy.0 = Release|Any CPU
		{C69C60AA-C523-4866-B364-046E0DCA42F2}.Release|x86.ActiveCfg = Release|Any CPU
		{C69C60AA-C523-4866-B364-046E0DCA42F2}.Release|x86.Build.0 = Release|Any CPU
		{C69C60AA-C523-4866-B364-046E0DCA42F2}.Release|x86.Deploy.0 = Release|Any CPU
		{05E35B1F-B86A-4062-9305-08E51AF66C0A}.Debug|Any CPU.ActiveCfg = Debug|iPhoneSimulator
		{05E35B1F-B86A-4062-9305-08E51AF66C0A}.Debug|Any CPU.Build.0 = Debug|iPhoneSimulator
		{05E35B1F-B86A-4062-9305-08E51AF66C0A}.Debug|Any CPU.Deploy.0 = Debug|iPhoneSimulator
		{05E35B1F-B86A-4062-9305-08E51AF66C0A}.Debug|ARM.ActiveCfg = Debug|iPhoneSimulator
		{05E35B1F-B86A-4062-9305-08E51AF66C0A}.Debug|ARM.Build.0 = Debug|iPhoneSimulator
		{05E35B1F-B86A-4062-9305-08E51AF66C0A}.Debug|ARM.Deploy.0 = Debug|iPhoneSimulator
		{05E35B1F-B86A-4062-9305-08E51AF66C0A}.Debug|iPhone.ActiveCfg = Debug|iPhone
		{05E35B1F-B86A-4062-9305-08E51AF66C0A}.Debug|iPhone.Build.0 = Debug|iPhone
		{05E35B1F-B86A-4062-9305-08E51AF66C0A}.Debug|iPhone.Deploy.0 = Debug|iPhone
		{05E35B1F-B86A-4062-9305-08E51AF66C0A}.Debug|iPhoneSimulator.ActiveCfg = Debug|iPhoneSimulator
		{05E35B1F-B86A-4062-9305-08E51AF66C0A}.Debug|iPhoneSimulator.Build.0 = Debug|iPhoneSimulator
		{05E35B1F-B86A-4062-9305-08E51AF66C0A}.Debug|iPhoneSimulator.Deploy.0 = Debug|iPhoneSimulator
		{05E35B1F-B86A-4062-9305-08E51AF66C0A}.Debug|x64.ActiveCfg = Debug|iPhone
		{05E35B1F-B86A-4062-9305-08E51AF66C0A}.Debug|x64.Build.0 = Debug|iPhone
		{05E35B1F-B86A-4062-9305-08E51AF66C0A}.Debug|x64.Deploy.0 = Debug|iPhone
		{05E35B1F-B86A-4062-9305-08E51AF66C0A}.Debug|x86.ActiveCfg = Debug|iPhoneSimulator
		{05E35B1F-B86A-4062-9305-08E51AF66C0A}.Debug|x86.Build.0 = Debug|iPhoneSimulator
		{05E35B1F-B86A-4062-9305-08E51AF66C0A}.Debug|x86.Deploy.0 = Debug|iPhoneSimulator
		{05E35B1F-B86A-4062-9305-08E51AF66C0A}.Release|Any CPU.ActiveCfg = Release|iPhoneSimulator
		{05E35B1F-B86A-4062-9305-08E51AF66C0A}.Release|Any CPU.Build.0 = Release|iPhoneSimulator
		{05E35B1F-B86A-4062-9305-08E51AF66C0A}.Release|Any CPU.Deploy.0 = Release|iPhoneSimulator
		{05E35B1F-B86A-4062-9305-08E51AF66C0A}.Release|ARM.ActiveCfg = Release|iPhoneSimulator
		{05E35B1F-B86A-4062-9305-08E51AF66C0A}.Release|ARM.Build.0 = Release|iPhoneSimulator
		{05E35B1F-B86A-4062-9305-08E51AF66C0A}.Release|ARM.Deploy.0 = Release|iPhoneSimulator
		{05E35B1F-B86A-4062-9305-08E51AF66C0A}.Release|iPhone.ActiveCfg = Release|iPhone
		{05E35B1F-B86A-4062-9305-08E51AF66C0A}.Release|iPhone.Build.0 = Release|iPhone
		{05E35B1F-B86A-4062-9305-08E51AF66C0A}.Release|iPhone.Deploy.0 = Release|iPhone
		{05E35B1F-B86A-4062-9305-08E51AF66C0A}.Release|iPhoneSimulator.ActiveCfg = Release|iPhoneSimulator
		{05E35B1F-B86A-4062-9305-08E51AF66C0A}.Release|iPhoneSimulator.Build.0 = Release|iPhoneSimulator
		{05E35B1F-B86A-4062-9305-08E51AF66C0A}.Release|iPhoneSimulator.Deploy.0 = Release|iPhoneSimulator
		{05E35B1F-B86A-4062-9305-08E51AF66C0A}.Release|x64.ActiveCfg = Release|iPhoneSimulator
		{05E35B1F-B86A-4062-9305-08E51AF66C0A}.Release|x64.Build.0 = Release|iPhoneSimulator
		{05E35B1F-B86A-4062-9305-08E51AF66C0A}.Release|x64.Deploy.0 = Release|iPhoneSimulator
		{05E35B1F-B86A-4062-9305-08E51AF66C0A}.Release|x86.ActiveCfg = Release|iPhoneSimulator
		{05E35B1F-B86A-4062-9305-08E51AF66C0A}.Release|x86.Build.0 = Release|iPhoneSimulator
		{05E35B1F-B86A-4062-9305-08E51AF66C0A}.Release|x86.Deploy.0 = Release|iPhoneSimulator
		{7CABE636-9895-4992-B9D9-9C8B9973109D}.Debug|Any CPU.ActiveCfg = Debug|Any CPU
		{7CABE636-9895-4992-B9D9-9C8B9973109D}.Debug|Any CPU.Build.0 = Debug|Any CPU
		{7CABE636-9895-4992-B9D9-9C8B9973109D}.Debug|Any CPU.Deploy.0 = Debug|Any CPU
		{7CABE636-9895-4992-B9D9-9C8B9973109D}.Debug|ARM.ActiveCfg = Debug|Any CPU
		{7CABE636-9895-4992-B9D9-9C8B9973109D}.Debug|ARM.Build.0 = Debug|Any CPU
		{7CABE636-9895-4992-B9D9-9C8B9973109D}.Debug|ARM.Deploy.0 = Debug|Any CPU
		{7CABE636-9895-4992-B9D9-9C8B9973109D}.Debug|iPhone.ActiveCfg = Debug|Any CPU
		{7CABE636-9895-4992-B9D9-9C8B9973109D}.Debug|iPhone.Build.0 = Debug|Any CPU
		{7CABE636-9895-4992-B9D9-9C8B9973109D}.Debug|iPhone.Deploy.0 = Debug|Any CPU
		{7CABE636-9895-4992-B9D9-9C8B9973109D}.Debug|iPhoneSimulator.ActiveCfg = Debug|Any CPU
		{7CABE636-9895-4992-B9D9-9C8B9973109D}.Debug|iPhoneSimulator.Build.0 = Debug|Any CPU
		{7CABE636-9895-4992-B9D9-9C8B9973109D}.Debug|iPhoneSimulator.Deploy.0 = Debug|Any CPU
		{7CABE636-9895-4992-B9D9-9C8B9973109D}.Debug|x64.ActiveCfg = Debug|Any CPU
		{7CABE636-9895-4992-B9D9-9C8B9973109D}.Debug|x64.Build.0 = Debug|Any CPU
		{7CABE636-9895-4992-B9D9-9C8B9973109D}.Debug|x64.Deploy.0 = Debug|Any CPU
		{7CABE636-9895-4992-B9D9-9C8B9973109D}.Debug|x86.ActiveCfg = Debug|Any CPU
		{7CABE636-9895-4992-B9D9-9C8B9973109D}.Debug|x86.Build.0 = Debug|Any CPU
		{7CABE636-9895-4992-B9D9-9C8B9973109D}.Debug|x86.Deploy.0 = Debug|Any CPU
		{7CABE636-9895-4992-B9D9-9C8B9973109D}.Release|Any CPU.ActiveCfg = Release|Any CPU
		{7CABE636-9895-4992-B9D9-9C8B9973109D}.Release|Any CPU.Build.0 = Release|Any CPU
		{7CABE636-9895-4992-B9D9-9C8B9973109D}.Release|Any CPU.Deploy.0 = Release|Any CPU
		{7CABE636-9895-4992-B9D9-9C8B9973109D}.Release|ARM.ActiveCfg = Release|Any CPU
		{7CABE636-9895-4992-B9D9-9C8B9973109D}.Release|ARM.Build.0 = Release|Any CPU
		{7CABE636-9895-4992-B9D9-9C8B9973109D}.Release|ARM.Deploy.0 = Release|Any CPU
		{7CABE636-9895-4992-B9D9-9C8B9973109D}.Release|iPhone.ActiveCfg = Release|Any CPU
		{7CABE636-9895-4992-B9D9-9C8B9973109D}.Release|iPhone.Build.0 = Release|Any CPU
		{7CABE636-9895-4992-B9D9-9C8B9973109D}.Release|iPhone.Deploy.0 = Release|Any CPU
		{7CABE636-9895-4992-B9D9-9C8B9973109D}.Release|iPhoneSimulator.ActiveCfg = Release|Any CPU
		{7CABE636-9895-4992-B9D9-9C8B9973109D}.Release|iPhoneSimulator.Build.0 = Release|Any CPU
		{7CABE636-9895-4992-B9D9-9C8B9973109D}.Release|iPhoneSimulator.Deploy.0 = Release|Any CPU
		{7CABE636-9895-4992-B9D9-9C8B9973109D}.Release|x64.ActiveCfg = Release|Any CPU
		{7CABE636-9895-4992-B9D9-9C8B9973109D}.Release|x64.Build.0 = Release|Any CPU
		{7CABE636-9895-4992-B9D9-9C8B9973109D}.Release|x64.Deploy.0 = Release|Any CPU
		{7CABE636-9895-4992-B9D9-9C8B9973109D}.Release|x86.ActiveCfg = Release|Any CPU
		{7CABE636-9895-4992-B9D9-9C8B9973109D}.Release|x86.Build.0 = Release|Any CPU
		{7CABE636-9895-4992-B9D9-9C8B9973109D}.Release|x86.Deploy.0 = Release|Any CPU
	EndGlobalSection
	GlobalSection(SolutionProperties) = preSolution
		HideSolutionNode = FALSE
	EndGlobalSection
	GlobalSection(ExtensibilityGlobals) = postSolution
		SolutionGuid = {43BFD823-11D2-468B-875C-8C472643BA2E}
	EndGlobalSection
EndGlobal
